
Microsoft Visual Studio Solution File, Format Version 12.00
# Visual Studio Version 17
VisualStudioVersion = 17.2.32616.157
MinimumVisualStudioVersion = 10.0.40219.1
Project("{FAE04EC0-301F-11D3-BF4B-00C04F79EFBC}") = "StoreManagement", "StoreManagement\StoreManagement.csproj", "{7A9D1708-1AD9-47DC-95C9-16674D808918}"
EndProject
Global
	GlobalSection(SolutionConfigurationPlatforms) = preSolution
		Debug|Any CPU = Debug|Any CPU
		Release|Any CPU = Release|Any CPU
	EndGlobalSection
	GlobalSection(ProjectConfigurationPlatforms) = postSolution
		{7A9D1708-1AD9-47DC-95C9-16674D808918}.Debug|Any CPU.ActiveCfg = Debug|Any CPU
		{7A9D1708-1AD9-47DC-95C9-16674D808918}.Debug|Any CPU.Build.0 = Debug|Any CPU
		{7A9D1708-1AD9-47DC-95C9-16674D808918}.Release|Any CPU.ActiveCfg = Release|Any CPU
		{7A9D1708-1AD9-47DC-95C9-16674D808918}.Release|Any CPU.Build.0 = Release|Any CPU
	EndGlobalSection
	GlobalSection(SolutionProperties) = preSolution
		HideSolutionNode = FALSE
	EndGlobalSection
	GlobalSection(ExtensibilityGlobals) = postSolution
		SolutionGuid = {D68E1A5E-0987-4481-AB7C-3E1D579F92F6}
	EndGlobalSection
EndGlobal
